
Microsoft Visual Studio Solution File, Format Version 12.00
# Visual Studio Version 17
VisualStudioVersion = 17.2.32602.215
MinimumVisualStudioVersion = 10.0.40219.1
Project("{9A19103F-16F7-4668-BE54-9A1E7A4F7556}") = "PokemonBackend", "PokemonBackend\PokemonBackend.csproj", "{8F50EE65-3617-427F-9336-AFF307D73CA1}"
EndProject
Project("{9A19103F-16F7-4668-BE54-9A1E7A4F7556}") = "Logica_Negocio", "Business_Logic_Layer\Logica_Negocio.csproj", "{6E45411B-9013-4D20-A9A1-DD5D2AC31781}"
EndProject
Project("{9A19103F-16F7-4668-BE54-9A1E7A4F7556}") = "Acceso_BD", "Data_Acces_Layer\Acceso_BD.csproj", "{A80B131E-2ABD-4E5B-8071-9E61C72AAFCD}"
EndProject
Project("{54A90642-561A-4BB1-A94E-469ADEE60C69}") = "front", "front\front.esproj", "{56C64F4E-543C-4E76-8425-2B7CC704D671}"
EndProject
Global
	GlobalSection(SolutionConfigurationPlatforms) = preSolution
		Debug|Any CPU = Debug|Any CPU
		Release|Any CPU = Release|Any CPU
	EndGlobalSection
	GlobalSection(ProjectConfigurationPlatforms) = postSolution
		{8F50EE65-3617-427F-9336-AFF307D73CA1}.Debug|Any CPU.ActiveCfg = Debug|Any CPU
		{8F50EE65-3617-427F-9336-AFF307D73CA1}.Debug|Any CPU.Build.0 = Debug|Any CPU
		{8F50EE65-3617-427F-9336-AFF307D73CA1}.Release|Any CPU.ActiveCfg = Release|Any CPU
		{8F50EE65-3617-427F-9336-AFF307D73CA1}.Release|Any CPU.Build.0 = Release|Any CPU
		{6E45411B-9013-4D20-A9A1-DD5D2AC31781}.Debug|Any CPU.ActiveCfg = Debug|Any CPU
		{6E45411B-9013-4D20-A9A1-DD5D2AC31781}.Debug|Any CPU.Build.0 = Debug|Any CPU
		{6E45411B-9013-4D20-A9A1-DD5D2AC31781}.Release|Any CPU.ActiveCfg = Release|Any CPU
		{6E45411B-9013-4D20-A9A1-DD5D2AC31781}.Release|Any CPU.Build.0 = Release|Any CPU
		{A80B131E-2ABD-4E5B-8071-9E61C72AAFCD}.Debug|Any CPU.ActiveCfg = Debug|Any CPU
		{A80B131E-2ABD-4E5B-8071-9E61C72AAFCD}.Debug|Any CPU.Build.0 = Debug|Any CPU
		{A80B131E-2ABD-4E5B-8071-9E61C72AAFCD}.Release|Any CPU.ActiveCfg = Release|Any CPU
		{A80B131E-2ABD-4E5B-8071-9E61C72AAFCD}.Release|Any CPU.Build.0 = Release|Any CPU
		{56C64F4E-543C-4E76-8425-2B7CC704D671}.Debug|Any CPU.ActiveCfg = Debug|Any CPU
		{56C64F4E-543C-4E76-8425-2B7CC704D671}.Debug|Any CPU.Build.0 = Debug|Any CPU
		{56C64F4E-543C-4E76-8425-2B7CC704D671}.Debug|Any CPU.Deploy.0 = Debug|Any CPU
		{56C64F4E-543C-4E76-8425-2B7CC704D671}.Release|Any CPU.ActiveCfg = Release|Any CPU
		{56C64F4E-543C-4E76-8425-2B7CC704D671}.Release|Any CPU.Build.0 = Release|Any CPU
		{56C64F4E-543C-4E76-8425-2B7CC704D671}.Release|Any CPU.Deploy.0 = Release|Any CPU
	EndGlobalSection
	GlobalSection(SolutionProperties) = preSolution
		HideSolutionNode = FALSE
	EndGlobalSection
	GlobalSection(ExtensibilityGlobals) = postSolution
		SolutionGuid = {A28FC222-211A-476D-B7EE-4514DB2CAD31}
	EndGlobalSection
EndGlobal
